PODS:
  - BlueSwift (1.0.5)
  - BuchaSwift (1.1.1)
  - CDBKit (1.4.6):
    - CDBKit/Array (= 1.4.6)
    - CDBKit/Core (= 1.4.6)
    - CDBKit/Localize (= 1.4.6)
    - CDBKit/UI (= 1.4.6)
  - CDBKit/Array (1.4.6)
  - CDBKit/Core (1.4.6)
  - CDBKit/Localize (1.4.6)
  - CDBKit/UI (1.4.6)
  - SwiftProtobuf (1.15.0)

DEPENDENCIES:
  - BlueSwift
  - BuchaSwift (~> 1.0)
  - CDBKit (~> 1.4.1)
  - SwiftProtobuf

SPEC REPOS:
  https://github.com/CocoaPods/Specs.git:
    - BlueSwift
    - BuchaSwift
    - CDBKit
    - SwiftProtobuf

SPEC CHECKSUMS:
  BlueSwift: b6c3e75870ab82d5d0c8043e66aae2bfa1a2945b
  BuchaSwift: 98d6f2da293c7a2ec48407df6a54768858e75c9d
  CDBKit: d24cdc2039baaf27e1eabe9b024997a3fd8bc1fe
  SwiftProtobuf: 3320217e9d8fb75f36b40282e78c482640fd75dd

PODFILE CHECKSUM: 8ae34de47052a508bd512d8c3a2b063fb6427c24

COCOAPODS: 1.10.1
