// !$*UTF8*$!
{
	archiveVersion = 1;
	classes = {
	};
	objectVersion = 52;
	objects = {

/* Begin PBXBuildFile section */
		0803B71226C8353300D6392A /* DetectaConnect in Frameworks */ = {isa = PBXBuildFile; productRef = 0803B71126C8353300D6392A /* DetectaConnect */; };
		08635FA126C85113008907AB /* DetectaConnect in Frameworks */ = {isa = PBXBuildFile; productRef = 08635FA026C85113008907AB /* DetectaConnect */; };
		08723DC022AED8720088B8ED /* AppDelegate.swift in Sources */ = {isa = PBXBuildFile; fileRef = 08723DBF22AED8720088B8ED /* AppDelegate.swift */; };
		08723DCA22AED8720088B8ED /* LaunchScreen.storyboard in Resources */ = {isa = PBXBuildFile; fileRef = 08723DC822AED8720088B8ED /* LaunchScreen.storyboard */; };
		08DB946C22B6765E0071A7B6 /* CoreBluetooth.framework in Frameworks */ = {isa = PBXBuildFile; fileRef = 08DB946B22B6765E0071A7B6 /* CoreBluetooth.framework */; };
		1E19239426B1DBFE00B1A611 /* TestError.swift in Sources */ = {isa = PBXBuildFile; fileRef = 1E19239226B1DBFA00B1A611 /* TestError.swift */; };
		1E19239526B1DC0300B1A611 /* MockDetectaCloudResponseConverter.swift in Sources */ = {isa = PBXBuildFile; fileRef = 1E19238F26B1DB1F00B1A611 /* MockDetectaCloudResponseConverter.swift */; };
		1E19239826B1DDD800B1A611 /* MockNetworkService.swift in Sources */ = {isa = PBXBuildFile; fileRef = 1E19239626B1DD1500B1A611 /* MockNetworkService.swift */; };
		1EA278AA273562A40074A551 /* TimeSpanViewModelTest.swift in Sources */ = {isa = PBXBuildFile; fileRef = 1EA278A9273562A40074A551 /* TimeSpanViewModelTest.swift */; };
		1EA278AE273594970074A551 /* Example.swift in Sources */ = {isa = PBXBuildFile; fileRef = 1EA278AD273594970074A551 /* Example.swift */; };
		1EA82EB92726DA4700977B46 /* MockAlertRouter.swift in Sources */ = {isa = PBXBuildFile; fileRef = 1EA82EB82726DA4700977B46 /* MockAlertRouter.swift */; };
		1EAC8590270B0D6D00F79B96 /* DeviceSettingsViewModelTest.swift in Sources */ = {isa = PBXBuildFile; fileRef = 1EAC858F270B0D6D00F79B96 /* DeviceSettingsViewModelTest.swift */; };
		1EAC8592270B173D00F79B96 /* MockDeviceContainer.swift in Sources */ = {isa = PBXBuildFile; fileRef = 1EAC8591270B173D00F79B96 /* MockDeviceContainer.swift */; };
		1EAC8594270B20ED00F79B96 /* MockDevicePersistence.swift in Sources */ = {isa = PBXBuildFile; fileRef = 1EAC8593270B20ED00F79B96 /* MockDevicePersistence.swift */; };
		1EAD0C4A2722EFF5003B797F /* MockGadgetSetupInteractor.swift in Sources */ = {isa = PBXBuildFile; fileRef = 1EAD0C492722EFF5003B797F /* MockGadgetSetupInteractor.swift */; };
		1ED56FFB272008E7006470CF /* DefaultSetupGadgetViewModelTest.swift in Sources */ = {isa = PBXBuildFile; fileRef = 1ED56FFA272008E7006470CF /* DefaultSetupGadgetViewModelTest.swift */; };
		FE05EC082618B3B800449D5C /* UrlBuilder_DetectaCloud_Test.swift in Sources */ = {isa = PBXBuildFile; fileRef = FE05EC072618B3B800449D5C /* UrlBuilder_DetectaCloud_Test.swift */; };
		FE05EC312618FB1300449D5C /* DetectaCloudGateTests.swift in Sources */ = {isa = PBXBuildFile; fileRef = FE05EC302618FB1300449D5C /* DetectaCloudGateTests.swift */; };
		FE0B4ED32614ED3500679E3A /* ApiUrlBuilderTests.swift in Sources */ = {isa = PBXBuildFile; fileRef = FE0B4EBB2614EA8A00679E3A /* ApiUrlBuilderTests.swift */; };
		FE5FD2DF261A42600079F255 /* Assets.xcassets in Resources */ = {isa = PBXBuildFile; fileRef = FE5FD2DE261A42600079F255 /* Assets.xcassets */; };
/* End PBXBuildFile section */

/* Begin PBXFileReference section */
		0803B71026C833AD00D6392A /* DetectaConnect */ = {isa = PBXFileReference; lastKnownFileType = folder; path = DetectaConnect; sourceTree = "<group>"; };
		08723DBC22AED8720088B8ED /* D-Connect.app */ = {isa = PBXFileReference; explicitFileType = wrapper.application; includeInIndex = 0; path = "D-Connect.app"; sourceTree = BUILT_PRODUCTS_DIR; };
		08723DBF22AED8720088B8ED /* AppDelegate.swift */ = {isa = PBXFileReference; lastKnownFileType = sourcecode.swift; path = AppDelegate.swift; sourceTree = "<group>"; };
		08723DC922AED8720088B8ED /* Base */ = {isa = PBXFileReference; lastKnownFileType = file.storyboard; name = Base; path = Base.lproj/LaunchScreen.storyboard; sourceTree = "<group>"; };
		08723DCB22AED8720088B8ED /* Info.plist */ = {isa = PBXFileReference; lastKnownFileType = text.plist.xml; path = Info.plist; sourceTree = "<group>"; };
		08723DD022AED8730088B8ED /* DetectaConnectTests.xctest */ = {isa = PBXFileReference; explicitFileType = wrapper.cfbundle; includeInIndex = 0; path = DetectaConnectTests.xctest; sourceTree = BUILT_PRODUCTS_DIR; };
		08723DD622AED8730088B8ED /* Info.plist */ = {isa = PBXFileReference; lastKnownFileType = text.plist.xml; path = Info.plist; sourceTree = "<group>"; };
		08DB946B22B6765E0071A7B6 /* CoreBluetooth.framework */ = {isa = PBXFileReference; lastKnownFileType = wrapper.framework; name = CoreBluetooth.framework; path = System/Library/Frameworks/CoreBluetooth.framework; sourceTree = SDKROOT; };
		1E19238F26B1DB1F00B1A611 /* MockDetectaCloudResponseConverter.swift */ = {isa = PBXFileReference; lastKnownFileType = sourcecode.swift; path = MockDetectaCloudResponseConverter.swift; sourceTree = "<group>"; };
		1E19239226B1DBFA00B1A611 /* TestError.swift */ = {isa = PBXFileReference; lastKnownFileType = sourcecode.swift; path = TestError.swift; sourceTree = "<group>"; };
		1E19239626B1DD1500B1A611 /* MockNetworkService.swift */ = {isa = PBXFileReference; lastKnownFileType = sourcecode.swift; path = MockNetworkService.swift; sourceTree = "<group>"; };
		1EA278A9273562A40074A551 /* TimeSpanViewModelTest.swift */ = {isa = PBXFileReference; lastKnownFileType = sourcecode.swift; path = TimeSpanViewModelTest.swift; sourceTree = "<group>"; };
		1EA278AD273594970074A551 /* Example.swift */ = {isa = PBXFileReference; lastKnownFileType = sourcecode.swift; path = Example.swift; sourceTree = "<group>"; };
		1EA82EB82726DA4700977B46 /* MockAlertRouter.swift */ = {isa = PBXFileReference; lastKnownFileType = sourcecode.swift; path = MockAlertRouter.swift; sourceTree = "<group>"; };
		1EAC858F270B0D6D00F79B96 /* DeviceSettingsViewModelTest.swift */ = {isa = PBXFileReference; lastKnownFileType = sourcecode.swift; path = DeviceSettingsViewModelTest.swift; sourceTree = "<group>"; };
		1EAC8591270B173D00F79B96 /* MockDeviceContainer.swift */ = {isa = PBXFileReference; lastKnownFileType = sourcecode.swift; path = MockDeviceContainer.swift; sourceTree = "<group>"; };
		1EAC8593270B20ED00F79B96 /* MockDevicePersistence.swift */ = {isa = PBXFileReference; lastKnownFileType = sourcecode.swift; path = MockDevicePersistence.swift; sourceTree = "<group>"; };
		1EAD0C492722EFF5003B797F /* MockGadgetSetupInteractor.swift */ = {isa = PBXFileReference; lastKnownFileType = sourcecode.swift; path = MockGadgetSetupInteractor.swift; sourceTree = "<group>"; };
		1ED56FFA272008E7006470CF /* DefaultSetupGadgetViewModelTest.swift */ = {isa = PBXFileReference; lastKnownFileType = sourcecode.swift; path = DefaultSetupGadgetViewModelTest.swift; sourceTree = "<group>"; };
		FE05EC072618B3B800449D5C /* UrlBuilder_DetectaCloud_Test.swift */ = {isa = PBXFileReference; lastKnownFileType = sourcecode.swift; path = UrlBuilder_DetectaCloud_Test.swift; sourceTree = "<group>"; };
		FE05EC302618FB1300449D5C /* DetectaCloudGateTests.swift */ = {isa = PBXFileReference; lastKnownFileType = sourcecode.swift; path = DetectaCloudGateTests.swift; sourceTree = "<group>"; };
		FE0B4EBB2614EA8A00679E3A /* ApiUrlBuilderTests.swift */ = {isa = PBXFileReference; lastKnownFileType = sourcecode.swift; path = ApiUrlBuilderTests.swift; sourceTree = "<group>"; };
		FE5FD2DE261A42600079F255 /* Assets.xcassets */ = {isa = PBXFileReference; lastKnownFileType = folder.assetcatalog; path = Assets.xcassets; sourceTree = "<group>"; };
		FE9D61402854BFC3006BFE2D /* D-Connect.entitlements */ = {isa = PBXFileReference; lastKnownFileType = text.plist.entitlements; path = "D-Connect.entitlements"; sourceTree = "<group>"; };
		FE9D61412854C200006BFE2D /* Payload.apns */ = {isa = PBXFileReference; lastKnownFileType = text; path = Payload.apns; sourceTree = "<group>"; };
/* End PBXFileReference section */

/* Begin PBXFrameworksBuildPhase section */
		08723DB922AED8720088B8ED /* Frameworks */ = {
			isa = PBXFrameworksBuildPhase;
			buildActionMask = 2147483647;
			files = (
				0803B71226C8353300D6392A /* DetectaConnect in Frameworks */,
				08DB946C22B6765E0071A7B6 /* CoreBluetooth.framework in Frameworks */,
			);
			runOnlyForDeploymentPostprocessing = 0;
		};
		08723DCD22AED8730088B8ED /* Frameworks */ = {
			isa = PBXFrameworksBuildPhase;
			buildActionMask = 2147483647;
			files = (
				08635FA126C85113008907AB /* DetectaConnect in Frameworks */,
			);
			runOnlyForDeploymentPostprocessing = 0;
		};
/* End PBXFrameworksBuildPhase section */

/* Begin PBXGroup section */
		0803B70F26C833AD00D6392A /* Packages */ = {
			isa = PBXGroup;
			children = (
				0803B71026C833AD00D6392A /* DetectaConnect */,
			);
			name = Packages;
			sourceTree = "<group>";
		};
		08723DB322AED8720088B8ED = {
			isa = PBXGroup;
			children = (
				FE9D61402854BFC3006BFE2D /* D-Connect.entitlements */,
				08723DBE22AED8720088B8ED /* client */,
				0803B70F26C833AD00D6392A /* Packages */,
				FE9D613F28549BC9006BFE2D /* PushPayloads */,
				08723DD322AED8730088B8ED /* clientTests */,
				08723DBD22AED8720088B8ED /* Products */,
				D36AF4BF910970CC83412B09 /* Frameworks */,
			);
			sourceTree = "<group>";
		};
		08723DBD22AED8720088B8ED /* Products */ = {
			isa = PBXGroup;
			children = (
				08723DBC22AED8720088B8ED /* D-Connect.app */,
				08723DD022AED8730088B8ED /* DetectaConnectTests.xctest */,
			);
			name = Products;
			sourceTree = "<group>";
		};
		08723DBE22AED8720088B8ED /* client */ = {
			isa = PBXGroup;
			children = (
				FE5FD2DE261A42600079F255 /* Assets.xcassets */,
				08723DBF22AED8720088B8ED /* AppDelegate.swift */,
				08723DC822AED8720088B8ED /* LaunchScreen.storyboard */,
				08723DCB22AED8720088B8ED /* Info.plist */,
			);
			path = client;
			sourceTree = "<group>";
		};
		08723DD322AED8730088B8ED /* clientTests */ = {
			isa = PBXGroup;
			children = (
				1E19239126B1DBEA00B1A611 /* Utils */,
				1E19238E26B1DAFF00B1A611 /* Mocks */,
				08723DD622AED8730088B8ED /* Info.plist */,
				FE0B4EBB2614EA8A00679E3A /* ApiUrlBuilderTests.swift */,
				FE05EC072618B3B800449D5C /* UrlBuilder_DetectaCloud_Test.swift */,
				FE05EC302618FB1300449D5C /* DetectaCloudGateTests.swift */,
				1EAC858F270B0D6D00F79B96 /* DeviceSettingsViewModelTest.swift */,
				1ED56FFA272008E7006470CF /* DefaultSetupGadgetViewModelTest.swift */,
				1EA278A9273562A40074A551 /* TimeSpanViewModelTest.swift */,
				1EA278AD273594970074A551 /* Example.swift */,
			);
			path = clientTests;
			sourceTree = "<group>";
		};
		1E19238E26B1DAFF00B1A611 /* Mocks */ = {
			isa = PBXGroup;
			children = (
				1E19238F26B1DB1F00B1A611 /* MockDetectaCloudResponseConverter.swift */,
				1E19239626B1DD1500B1A611 /* MockNetworkService.swift */,
				1EAC8591270B173D00F79B96 /* MockDeviceContainer.swift */,
				1EAC8593270B20ED00F79B96 /* MockDevicePersistence.swift */,
				1EAD0C492722EFF5003B797F /* MockGadgetSetupInteractor.swift */,
				1EA82EB82726DA4700977B46 /* MockAlertRouter.swift */,
			);
			path = Mocks;
			sourceTree = "<group>";
		};
		1E19239126B1DBEA00B1A611 /* Utils */ = {
			isa = PBXGroup;
			children = (
				1E19239226B1DBFA00B1A611 /* TestError.swift */,
			);
			path = Utils;
			sourceTree = "<group>";
		};
		D36AF4BF910970CC83412B09 /* Frameworks */ = {
			isa = PBXGroup;
			children = (
				08DB946B22B6765E0071A7B6 /* CoreBluetooth.framework */,
			);
			name = Frameworks;
			sourceTree = "<group>";
		};
		FE9D613F28549BC9006BFE2D /* PushPayloads */ = {
			isa = PBXGroup;
			children = (
				FE9D61412854C200006BFE2D /* Payload.apns */,
			);
			path = PushPayloads;
			sourceTree = "<group>";
		};
/* End PBXGroup section */

/* Begin PBXNativeTarget section */
		08723DBB22AED8720088B8ED /* D-Connect */ = {
			isa = PBXNativeTarget;
			buildConfigurationList = 08723DD922AED8730088B8ED /* Build configuration list for PBXNativeTarget "D-Connect" */;
			buildPhases = (
				08723DB822AED8720088B8ED /* Sources */,
				08723DB922AED8720088B8ED /* Frameworks */,
				08723DBA22AED8720088B8ED /* Resources */,
			);
			buildRules = (
			);
			dependencies = (
			);
			name = "D-Connect";
			packageProductDependencies = (
				0803B71126C8353300D6392A /* DetectaConnect */,
			);
			productName = client;
			productReference = 08723DBC22AED8720088B8ED /* D-Connect.app */;
			productType = "com.apple.product-type.application";
		};
		08723DCF22AED8730088B8ED /* DetectaConnectTests */ = {
			isa = PBXNativeTarget;
			buildConfigurationList = 08723DDC22AED8730088B8ED /* Build configuration list for PBXNativeTarget "DetectaConnectTests" */;
			buildPhases = (
				08723DCC22AED8730088B8ED /* Sources */,
				08723DCD22AED8730088B8ED /* Frameworks */,
				08723DCE22AED8730088B8ED /* Resources */,
			);
			buildRules = (
			);
			dependencies = (
			);
			name = DetectaConnectTests;
			packageProductDependencies = (
				08635FA026C85113008907AB /* DetectaConnect */,
			);
			productName = clientTests;
			productReference = 08723DD022AED8730088B8ED /* DetectaConnectTests.xctest */;
			productType = "com.apple.product-type.bundle.unit-test";
		};
/* End PBXNativeTarget section */

/* Begin PBXProject section */
		08723DB422AED8720088B8ED /* Project object */ = {
			isa = PBXProject;
			attributes = {
				LastSwiftUpdateCheck = 1020;
				LastUpgradeCheck = 1300;
				ORGANIZATIONNAME = "Detecta Group";
				TargetAttributes = {
					08723DBB22AED8720088B8ED = {
						CreatedOnToolsVersion = 10.2.1;
					};
					08723DCF22AED8730088B8ED = {
						CreatedOnToolsVersion = 10.2.1;
					};
				};
			};
			buildConfigurationList = 08723DB722AED8720088B8ED /* Build configuration list for PBXProject "Client" */;
			compatibilityVersion = "Xcode 9.3";
			developmentRegion = en;
			hasScannedForEncodings = 0;
			knownRegions = (
				en,
				Base,
			);
			mainGroup = 08723DB322AED8720088B8ED;
			productRefGroup = 08723DBD22AED8720088B8ED /* Products */;
			projectDirPath = "";
			projectRoot = "";
			targets = (
				08723DBB22AED8720088B8ED /* D-Connect */,
				08723DCF22AED8730088B8ED /* DetectaConnectTests */,
			);
		};
/* End PBXProject section */

/* Begin PBXResourcesBuildPhase section */
		08723DBA22AED8720088B8ED /* Resources */ = {
			isa = PBXResourcesBuildPhase;
			buildActionMask = 2147483647;
			files = (
				FE5FD2DF261A42600079F255 /* Assets.xcassets in Resources */,
				08723DCA22AED8720088B8ED /* LaunchScreen.storyboard in Resources */,
			);
			runOnlyForDeploymentPostprocessing = 0;
		};
		08723DCE22AED8730088B8ED /* Resources */ = {
			isa = PBXResourcesBuildPhase;
			buildActionMask = 2147483647;
			files = (
			);
			runOnlyForDeploymentPostprocessing = 0;
		};
/* End PBXResourcesBuildPhase section */

/* Begin PBXSourcesBuildPhase section */
		08723DB822AED8720088B8ED /* Sources */ = {
			isa = PBXSourcesBuildPhase;
			buildActionMask = 2147483647;
			files = (
				08723DC022AED8720088B8ED /* AppDelegate.swift in Sources */,
			);
			runOnlyForDeploymentPostprocessing = 0;
		};
		08723DCC22AED8730088B8ED /* Sources */ = {
			isa = PBXSourcesBuildPhase;
			buildActionMask = 2147483647;
			files = (
				1EA82EB92726DA4700977B46 /* MockAlertRouter.swift in Sources */,
				1EAC8594270B20ED00F79B96 /* MockDevicePersistence.swift in Sources */,
				1E19239826B1DDD800B1A611 /* MockNetworkService.swift in Sources */,
				1EA278AA273562A40074A551 /* TimeSpanViewModelTest.swift in Sources */,
				1EAC8592270B173D00F79B96 /* MockDeviceContainer.swift in Sources */,
				1ED56FFB272008E7006470CF /* DefaultSetupGadgetViewModelTest.swift in Sources */,
				1E19239426B1DBFE00B1A611 /* TestError.swift in Sources */,
				FE05EC312618FB1300449D5C /* DetectaCloudGateTests.swift in Sources */,
				1EA278AE273594970074A551 /* Example.swift in Sources */,
				1E19239526B1DC0300B1A611 /* MockDetectaCloudResponseConverter.swift in Sources */,
				FE05EC082618B3B800449D5C /* UrlBuilder_DetectaCloud_Test.swift in Sources */,
				1EAD0C4A2722EFF5003B797F /* MockGadgetSetupInteractor.swift in Sources */,
				1EAC8590270B0D6D00F79B96 /* DeviceSettingsViewModelTest.swift in Sources */,
				FE0B4ED32614ED3500679E3A /* ApiUrlBuilderTests.swift in Sources */,
			);
			runOnlyForDeploymentPostprocessing = 0;
		};
/* End PBXSourcesBuildPhase section */

/* Begin PBXVariantGroup section */
		08723DC822AED8720088B8ED /* LaunchScreen.storyboard */ = {
			isa = PBXVariantGroup;
			children = (
				08723DC922AED8720088B8ED /* Base */,
			);
			name = LaunchScreen.storyboard;
			sourceTree = "<group>";
		};
/* End PBXVariantGroup section */

/* Begin XCBuildConfiguration section */
		08723DD722AED8730088B8ED /* Debug */ = {
			isa = XCBuildConfiguration;
			buildSettings = {
				ALWAYS_SEARCH_USER_PATHS = NO;
				CLANG_ANALYZER_NONNULL = YES;
				CLANG_ANALYZER_NUMBER_OBJECT_CONVERSION = YES_AGGRESSIVE;
				CLANG_CXX_LANGUAGE_STANDARD = "gnu++14";
				CLANG_CXX_LIBRARY = "libc++";
				CLANG_ENABLE_MODULES = YES;
				CLANG_ENABLE_OBJC_ARC = YES;
				CLANG_ENABLE_OBJC_WEAK = YES;
				CLANG_WARN_BLOCK_CAPTURE_AUTORELEASING = YES;
				CLANG_WARN_BOOL_CONVERSION = YES;
				CLANG_WARN_COMMA = YES;
				CLANG_WARN_CONSTANT_CONVERSION = YES;
				CLANG_WARN_DEPRECATED_OBJC_IMPLEMENTATIONS = YES;
				CLANG_WARN_DIRECT_OBJC_ISA_USAGE = YES_ERROR;
				CLANG_WARN_DOCUMENTATION_COMMENTS = YES;
				CLANG_WARN_EMPTY_BODY = YES;
				CLANG_WARN_ENUM_CONVERSION = YES;
				CLANG_WARN_INFINITE_RECURSION = YES;
				CLANG_WARN_INT_CONVERSION = YES;
				CLANG_WARN_NON_LITERAL_NULL_CONVERSION = YES;
				CLANG_WARN_OBJC_IMPLICIT_RETAIN_SELF = YES;
				CLANG_WARN_OBJC_LITERAL_CONVERSION = YES;
				CLANG_WARN_OBJC_ROOT_CLASS = YES_ERROR;
				CLANG_WARN_QUOTED_INCLUDE_IN_FRAMEWORK_HEADER = YES;
				CLANG_WARN_RANGE_LOOP_ANALYSIS = YES;
				CLANG_WARN_STRICT_PROTOTYPES = YES;
				CLANG_WARN_SUSPICIOUS_MOVE = YES;
				CLANG_WARN_UNGUARDED_AVAILABILITY = YES_AGGRESSIVE;
				CLANG_WARN_UNREACHABLE_CODE = YES;
				CLANG_WARN__DUPLICATE_METHOD_MATCH = YES;
				CODE_SIGN_IDENTITY = "iPhone Developer";
				COPY_PHASE_STRIP = NO;
				DEBUG_INFORMATION_FORMAT = dwarf;
				ENABLE_STRICT_OBJC_MSGSEND = YES;
				ENABLE_TESTABILITY = YES;
				GCC_C_LANGUAGE_STANDARD = gnu11;
				GCC_DYNAMIC_NO_PIC = NO;
				GCC_NO_COMMON_BLOCKS = YES;
				GCC_OPTIMIZATION_LEVEL = 0;
				GCC_PREPROCESSOR_DEFINITIONS = (
					"DEBUG=1",
					"$(inherited)",
				);
				GCC_WARN_64_TO_32_BIT_CONVERSION = YES;
				GCC_WARN_ABOUT_RETURN_TYPE = YES_ERROR;
				GCC_WARN_UNDECLARED_SELECTOR = YES;
				GCC_WARN_UNINITIALIZED_AUTOS = YES_AGGRESSIVE;
				GCC_WARN_UNUSED_FUNCTION = YES;
				GCC_WARN_UNUSED_VARIABLE = YES;
				IPHONEOS_DEPLOYMENT_TARGET = 14.0;
				MTL_ENABLE_DEBUG_INFO = INCLUDE_SOURCE;
				MTL_FAST_MATH = YES;
				ONLY_ACTIVE_ARCH = YES;
				SDKROOT = iphoneos;
				SWIFT_ACTIVE_COMPILATION_CONDITIONS = DEBUG;
				SWIFT_OPTIMIZATION_LEVEL = "-Onone";
			};
			name = Debug;
		};
		08723DD822AED8730088B8ED /* Release */ = {
			isa = XCBuildConfiguration;
			buildSettings = {
				ALWAYS_SEARCH_USER_PATHS = NO;
				CLANG_ANALYZER_NONNULL = YES;
				CLANG_ANALYZER_NUMBER_OBJECT_CONVERSION = YES_AGGRESSIVE;
				CLANG_CXX_LANGUAGE_STANDARD = "gnu++14";
				CLANG_CXX_LIBRARY = "libc++";
				CLANG_ENABLE_MODULES = YES;
				CLANG_ENABLE_OBJC_ARC = YES;
				CLANG_ENABLE_OBJC_WEAK = YES;
				CLANG_WARN_BLOCK_CAPTURE_AUTORELEASING = YES;
				CLANG_WARN_BOOL_CONVERSION = YES;
				CLANG_WARN_COMMA = YES;
				CLANG_WARN_CONSTANT_CONVERSION = YES;
				CLANG_WARN_DEPRECATED_OBJC_IMPLEMENTATIONS = YES;
				CLANG_WARN_DIRECT_OBJC_ISA_USAGE = YES_ERROR;
				CLANG_WARN_DOCUMENTATION_COMMENTS = YES;
				CLANG_WARN_EMPTY_BODY = YES;
				CLANG_WARN_ENUM_CONVERSION = YES;
				CLANG_WARN_INFINITE_RECURSION = YES;
				CLANG_WARN_INT_CONVERSION = YES;
				CLANG_WARN_NON_LITERAL_NULL_CONVERSION = YES;
				CLANG_WARN_OBJC_IMPLICIT_RETAIN_SELF = YES;
				CLANG_WARN_OBJC_LITERAL_CONVERSION = YES;
				CLANG_WARN_OBJC_ROOT_CLASS = YES_ERROR;
				CLANG_WARN_QUOTED_INCLUDE_IN_FRAMEWORK_HEADER = YES;
				CLANG_WARN_RANGE_LOOP_ANALYSIS = YES;
				CLANG_WARN_STRICT_PROTOTYPES = YES;
				CLANG_WARN_SUSPICIOUS_MOVE = YES;
				CLANG_WARN_UNGUARDED_AVAILABILITY = YES_AGGRESSIVE;
				CLANG_WARN_UNREACHABLE_CODE = YES;
				CLANG_WARN__DUPLICATE_METHOD_MATCH = YES;
				CODE_SIGN_IDENTITY = "iPhone Developer";
				COPY_PHASE_STRIP = NO;
				DEBUG_INFORMATION_FORMAT = "dwarf-with-dsym";
				ENABLE_NS_ASSERTIONS = NO;
				ENABLE_STRICT_OBJC_MSGSEND = YES;
				GCC_C_LANGUAGE_STANDARD = gnu11;
				GCC_NO_COMMON_BLOCKS = YES;
				GCC_WARN_64_TO_32_BIT_CONVERSION = YES;
				GCC_WARN_ABOUT_RETURN_TYPE = YES_ERROR;
				GCC_WARN_UNDECLARED_SELECTOR = YES;
				GCC_WARN_UNINITIALIZED_AUTOS = YES_AGGRESSIVE;
				GCC_WARN_UNUSED_FUNCTION = YES;
				GCC_WARN_UNUSED_VARIABLE = YES;
				IPHONEOS_DEPLOYMENT_TARGET = 14.0;
				MTL_ENABLE_DEBUG_INFO = NO;
				MTL_FAST_MATH = YES;
				SDKROOT = iphoneos;
				SWIFT_COMPILATION_MODE = wholemodule;
				SWIFT_OPTIMIZATION_LEVEL = "-O";
				VALIDATE_PRODUCT = YES;
			};
			name = Release;
		};
		08723DDA22AED8730088B8ED /* Debug */ = {
			isa = XCBuildConfiguration;
			buildSettings = {
				ASSETCATALOG_COMPILER_APPICON_NAME = AppIcon;
				CODE_SIGN_ENTITLEMENTS = "D-Connect.entitlements";
				CODE_SIGN_STYLE = Manual;
				CURRENT_PROJECT_VERSION = 36;
				DEVELOPMENT_TEAM = J6252NJ42R;
				INFOPLIST_FILE = client/Info.plist;
				LD_RUNPATH_SEARCH_PATHS = (
					"$(inherited)",
					"@executable_path/Frameworks",
				);
				PRODUCT_BUNDLE_IDENTIFIER = group.detecta.apps.connect;
				PRODUCT_NAME = "$(TARGET_NAME)";
				PROVISIONING_PROFILE_SPECIFIER = "match Development group.detecta.apps.connect";
				SWIFT_OBJC_BRIDGING_HEADER = "";
				SWIFT_VERSION = 5.0;
				TARGETED_DEVICE_FAMILY = 1;
			};
			name = Debug;
		};
		08723DDB22AED8730088B8ED /* Release */ = {
			isa = XCBuildConfiguration;
			buildSettings = {
				ASSETCATALOG_COMPILER_APPICON_NAME = AppIcon;
				CODE_SIGN_ENTITLEMENTS = "D-Connect.entitlements";
				CODE_SIGN_STYLE = Manual;
				CURRENT_PROJECT_VERSION = 36;
				DEVELOPMENT_TEAM = J6252NJ42R;
				INFOPLIST_FILE = client/Info.plist;
				LD_RUNPATH_SEARCH_PATHS = (
					"$(inherited)",
					"@executable_path/Frameworks",
				);
				PRODUCT_BUNDLE_IDENTIFIER = group.detecta.apps.connect;
				PRODUCT_NAME = "$(TARGET_NAME)";
				PROVISIONING_PROFILE_SPECIFIER = "match Development group.detecta.apps.connect";
				SWIFT_OBJC_BRIDGING_HEADER = "";
				SWIFT_VERSION = 5.0;
				TARGETED_DEVICE_FAMILY = 1;
			};
			name = Release;
		};
		08723DDD22AED8730088B8ED /* Debug */ = {
			isa = XCBuildConfiguration;
			buildSettings = {
				CODE_SIGN_STYLE = Automatic;
				INFOPLIST_FILE = clientTests/Info.plist;
				LD_RUNPATH_SEARCH_PATHS = (
					"$(inherited)",
					"@executable_path/Frameworks",
					"@loader_path/Frameworks",
				);
				PRODUCT_BUNDLE_IDENTIFIER = detecta.group.clientTests;
				PRODUCT_NAME = "$(TARGET_NAME)";
				SWIFT_VERSION = 5.0;
				TARGETED_DEVICE_FAMILY = "1,2";
			};
			name = Debug;
		};
		08723DDE22AED8730088B8ED /* Release */ = {
			isa = XCBuildConfiguration;
			buildSettings = {
				CODE_SIGN_STYLE = Automatic;
				INFOPLIST_FILE = clientTests/Info.plist;
				LD_RUNPATH_SEARCH_PATHS = (
					"$(inherited)",
					"@executable_path/Frameworks",
					"@loader_path/Frameworks",
				);
				PRODUCT_BUNDLE_IDENTIFIER = detecta.group.clientTests;
				PRODUCT_NAME = "$(TARGET_NAME)";
				SWIFT_VERSION = 5.0;
				TARGETED_DEVICE_FAMILY = "1,2";
			};
			name = Release;
		};
/* End XCBuildConfiguration section */

/* Begin XCConfigurationList section */
		08723DB722AED8720088B8ED /* Build configuration list for PBXProject "Client" */ = {
			isa = XCConfigurationList;
			buildConfigurations = (
				08723DD722AED8730088B8ED /* Debug */,
				08723DD822AED8730088B8ED /* Release */,
			);
			defaultConfigurationIsVisible = 0;
			defaultConfigurationName = Release;
		};
		08723DD922AED8730088B8ED /* Build configuration list for PBXNativeTarget "D-Connect" */ = {
			isa = XCConfigurationList;
			buildConfigurations = (
				08723DDA22AED8730088B8ED /* Debug */,
				08723DDB22AED8730088B8ED /* Release */,
			);
			defaultConfigurationIsVisible = 0;
			defaultConfigurationName = Release;
		};
		08723DDC22AED8730088B8ED /* Build configuration list for PBXNativeTarget "DetectaConnectTests" */ = {
			isa = XCConfigurationList;
			buildConfigurations = (
				08723DDD22AED8730088B8ED /* Debug */,
				08723DDE22AED8730088B8ED /* Release */,
			);
			defaultConfigurationIsVisible = 0;
			defaultConfigurationName = Release;
		};
/* End XCConfigurationList section */

/* Begin XCSwiftPackageProductDependency section */
		0803B71126C8353300D6392A /* DetectaConnect */ = {
			isa = XCSwiftPackageProductDependency;
			productName = DetectaConnect;
		};
		08635FA026C85113008907AB /* DetectaConnect */ = {
			isa = XCSwiftPackageProductDependency;
			productName = DetectaConnect;
		};
/* End XCSwiftPackageProductDependency section */
	};
	rootObject = 08723DB422AED8720088B8ED /* Project object */;
}
