// !$*UTF8*$!
{
	archiveVersion = 1;
	classes = {
	};
	objectVersion = 51;
	objects = {

/* Begin PBXBuildFile section */
		08167847256709830050D40C /* DataExtension.swift in Sources */ = {isa = PBXBuildFile; fileRef = 08167846256709830050D40C /* DataExtension.swift */; };
		08723DC022AED8720088B8ED /* AppDelegate.swift in Sources */ = {isa = PBXBuildFile; fileRef = 08723DBF22AED8720088B8ED /* AppDelegate.swift */; };
		08723DC722AED8720088B8ED /* Assets.xcassets in Resources */ = {isa = PBXBuildFile; fileRef = 08723DC622AED8720088B8ED /* Assets.xcassets */; };
		08723DCA22AED8720088B8ED /* LaunchScreen.storyboard in Resources */ = {isa = PBXBuildFile; fileRef = 08723DC822AED8720088B8ED /* LaunchScreen.storyboard */; };
		08723DD522AED8730088B8ED /* clientTests.swift in Sources */ = {isa = PBXBuildFile; fileRef = 08723DD422AED8730088B8ED /* clientTests.swift */; };
		08723E3022AEDA140088B8ED /* Collection+SafeIndex.swift in Sources */ = {isa = PBXBuildFile; fileRef = 08723DE522AEDA140088B8ED /* Collection+SafeIndex.swift */; };
		08723E3322AEDA140088B8ED /* ActionTracker.swift in Sources */ = {isa = PBXBuildFile; fileRef = 08723DEB22AEDA140088B8ED /* ActionTracker.swift */; };
		08723E4A22AEDA140088B8ED /* NextResponderTextField.swift in Sources */ = {isa = PBXBuildFile; fileRef = 08723E0F22AEDA140088B8ED /* NextResponderTextField.swift */; };
		08723E4E22AEDA140088B8ED /* ViewControllerFactory.swift in Sources */ = {isa = PBXBuildFile; fileRef = 08723E1522AEDA140088B8ED /* ViewControllerFactory.swift */; };
		08723E5022AEDA140088B8ED /* SupportViewController.swift in Sources */ = {isa = PBXBuildFile; fileRef = 08723E1922AEDA140088B8ED /* SupportViewController.swift */; };
		08723E5222AEDA140088B8ED /* MeasurementsViewController.swift in Sources */ = {isa = PBXBuildFile; fileRef = 08723E1B22AEDA140088B8ED /* MeasurementsViewController.swift */; };
		08723E5422AEDA140088B8ED /* PreferencesViewController.swift in Sources */ = {isa = PBXBuildFile; fileRef = 08723E1D22AEDA140088B8ED /* PreferencesViewController.swift */; };
		08723E5522AEDA140088B8ED /* Views.storyboard in Resources */ = {isa = PBXBuildFile; fileRef = 08723E1E22AEDA140088B8ED /* Views.storyboard */; };
		08723E5F22AEDA140088B8ED /* GatesGuard.swift in Sources */ = {isa = PBXBuildFile; fileRef = 08723E2A22AEDA140088B8ED /* GatesGuard.swift */; };
		08738C75256984FE00DECF1C /* dAir.proto in Sources */ = {isa = PBXBuildFile; fileRef = 08738C73256984FE00DECF1C /* dAir.proto */; };
		08738C76256984FE00DECF1C /* dAir.pb.swift in Sources */ = {isa = PBXBuildFile; fileRef = 08738C74256984FE00DECF1C /* dAir.pb.swift */; };
		08738C842569BCF300DECF1C /* ContextValuesExtension.swift in Sources */ = {isa = PBXBuildFile; fileRef = 08738C832569BCF300DECF1C /* ContextValuesExtension.swift */; };
		08AD51A222C00EC2001F42DE /* MeasurementTableCell.swift in Sources */ = {isa = PBXBuildFile; fileRef = 08AD51A122C00EC2001F42DE /* MeasurementTableCell.swift */; };
		08DB946822B66A330071A7B6 /* DefaultBleCoreGate.swift in Sources */ = {isa = PBXBuildFile; fileRef = 08DB946722B66A330071A7B6 /* DefaultBleCoreGate.swift */; };
		08DB946C22B6765E0071A7B6 /* CoreBluetooth.framework in Frameworks */ = {isa = PBXBuildFile; fileRef = 08DB946B22B6765E0071A7B6 /* CoreBluetooth.framework */; };
		D251718724BEC797D93D6BC7 /* Pods_DetectaConnect.framework in Frameworks */ = {isa = PBXBuildFile; fileRef = 12FD51F008119362D75866AE /* Pods_DetectaConnect.framework */; };
		E8DF10C91A99381D28A94528 /* Pods_DetectaConnectTests.framework in Frameworks */ = {isa = PBXBuildFile; fileRef = ECE84BB7F6F4161121FDFE74 /* Pods_DetectaConnectTests.framework */; };
		FE343CA025F1FADB0037087B /* WifiGuideViewController.swift in Sources */ = {isa = PBXBuildFile; fileRef = FE343C9F25F1FADB0037087B /* WifiGuideViewController.swift */; };
		FE343CB425F206A00037087B /* Constants.swift in Sources */ = {isa = PBXBuildFile; fileRef = FE343CB325F206A00037087B /* Constants.swift */; };
		FE3CA7E425ED6050009572DB /* Data+Hex.swift in Sources */ = {isa = PBXBuildFile; fileRef = FE3CA7E325ED6050009572DB /* Data+Hex.swift */; };
		FE3CA7EA25ED64C8009572DB /* BleTransmitter.swift in Sources */ = {isa = PBXBuildFile; fileRef = FE3CA7E925ED64C8009572DB /* BleTransmitter.swift */; };
		FE3CA7F125ED6C8E009572DB /* BleGateError.swift in Sources */ = {isa = PBXBuildFile; fileRef = FE3CA7F025ED6C8E009572DB /* BleGateError.swift */; };
		FE6B636525F639D0006C181E /* AppLogger.swift in Sources */ = {isa = PBXBuildFile; fileRef = FE6B636425F639D0006C181E /* AppLogger.swift */; };
		FE6B636925F64797006C181E /* GuideInteractor.swift in Sources */ = {isa = PBXBuildFile; fileRef = FE6B636825F64797006C181E /* GuideInteractor.swift */; };
		FE6B636E25F648C3006C181E /* AppServices.swift in Sources */ = {isa = PBXBuildFile; fileRef = FE6B636D25F648C3006C181E /* AppServices.swift */; };
		FE6B638625F6525F006C181E /* BlueSwift+Extensions.swift in Sources */ = {isa = PBXBuildFile; fileRef = FE6B638525F6525F006C181E /* BlueSwift+Extensions.swift */; };
		FE6B639125F6600B006C181E /* Future.swift in Sources */ = {isa = PBXBuildFile; fileRef = FE6B639025F6600A006C181E /* Future.swift */; };
		FE6B639525F66088006C181E /* Promise.swift in Sources */ = {isa = PBXBuildFile; fileRef = FE6B639425F66088006C181E /* Promise.swift */; };
		FE6B639A25F662D8006C181E /* GuideInteractorError.swift in Sources */ = {isa = PBXBuildFile; fileRef = FE6B639925F662D8006C181E /* GuideInteractorError.swift */; };
		FE6B63B125F666E9006C181E /* AlertRouter.swift in Sources */ = {isa = PBXBuildFile; fileRef = FE6B63B025F666E9006C181E /* AlertRouter.swift */; };
		FE6B63B725F66719006C181E /* AppRouter.swift in Sources */ = {isa = PBXBuildFile; fileRef = FE6B63B625F66719006C181E /* AppRouter.swift */; };
		FE6B63BF25F692E3006C181E /* WifiGuideViewModel.swift in Sources */ = {isa = PBXBuildFile; fileRef = FE6B63BE25F692E2006C181E /* WifiGuideViewModel.swift */; };
		FE6B63C325F6999E006C181E /* AppDispatch.swift in Sources */ = {isa = PBXBuildFile; fileRef = FE6B63C225F6999E006C181E /* AppDispatch.swift */; };
		FE7B9CC125E44B770042F712 /* DetectaProto.swift in Sources */ = {isa = PBXBuildFile; fileRef = FE7B9CC025E44B770042F712 /* DetectaProto.swift */; };
/* End PBXBuildFile section */

/* Begin PBXContainerItemProxy section */
		08723DD122AED8730088B8ED /* PBXContainerItemProxy */ = {
			isa = PBXContainerItemProxy;
			containerPortal = 08723DB422AED8720088B8ED /* Project object */;
			proxyType = 1;
			remoteGlobalIDString = 08723DBB22AED8720088B8ED;
			remoteInfo = client;
		};
/* End PBXContainerItemProxy section */

/* Begin PBXFileReference section */
		08167846256709830050D40C /* DataExtension.swift */ = {isa = PBXFileReference; lastKnownFileType = sourcecode.swift; path = DataExtension.swift; sourceTree = "<group>"; };
		08723DBC22AED8720088B8ED /* DetectaConnect.app */ = {isa = PBXFileReference; explicitFileType = wrapper.application; includeInIndex = 0; path = DetectaConnect.app; sourceTree = BUILT_PRODUCTS_DIR; };
		08723DBF22AED8720088B8ED /* AppDelegate.swift */ = {isa = PBXFileReference; lastKnownFileType = sourcecode.swift; path = AppDelegate.swift; sourceTree = "<group>"; };
		08723DC622AED8720088B8ED /* Assets.xcassets */ = {isa = PBXFileReference; lastKnownFileType = folder.assetcatalog; path = Assets.xcassets; sourceTree = "<group>"; };
		08723DC922AED8720088B8ED /* Base */ = {isa = PBXFileReference; lastKnownFileType = file.storyboard; name = Base; path = Base.lproj/LaunchScreen.storyboard; sourceTree = "<group>"; };
		08723DCB22AED8720088B8ED /* Info.plist */ = {isa = PBXFileReference; lastKnownFileType = text.plist.xml; path = Info.plist; sourceTree = "<group>"; };
		08723DD022AED8730088B8ED /* DetectaConnectTests.xctest */ = {isa = PBXFileReference; explicitFileType = wrapper.cfbundle; includeInIndex = 0; path = DetectaConnectTests.xctest; sourceTree = BUILT_PRODUCTS_DIR; };
		08723DD422AED8730088B8ED /* clientTests.swift */ = {isa = PBXFileReference; lastKnownFileType = sourcecode.swift; path = clientTests.swift; sourceTree = "<group>"; };
		08723DD622AED8730088B8ED /* Info.plist */ = {isa = PBXFileReference; lastKnownFileType = text.plist.xml; path = Info.plist; sourceTree = "<group>"; };
		08723DE522AEDA140088B8ED /* Collection+SafeIndex.swift */ = {isa = PBXFileReference; fileEncoding = 4; lastKnownFileType = sourcecode.swift; path = "Collection+SafeIndex.swift"; sourceTree = "<group>"; };
		08723DEB22AEDA140088B8ED /* ActionTracker.swift */ = {isa = PBXFileReference; fileEncoding = 4; lastKnownFileType = sourcecode.swift; path = ActionTracker.swift; sourceTree = "<group>"; };
		08723E0F22AEDA140088B8ED /* NextResponderTextField.swift */ = {isa = PBXFileReference; fileEncoding = 4; lastKnownFileType = sourcecode.swift; path = NextResponderTextField.swift; sourceTree = "<group>"; };
		08723E1522AEDA140088B8ED /* ViewControllerFactory.swift */ = {isa = PBXFileReference; fileEncoding = 4; lastKnownFileType = sourcecode.swift; path = ViewControllerFactory.swift; sourceTree = "<group>"; };
		08723E1922AEDA140088B8ED /* SupportViewController.swift */ = {isa = PBXFileReference; fileEncoding = 4; lastKnownFileType = sourcecode.swift; path = SupportViewController.swift; sourceTree = "<group>"; };
		08723E1B22AEDA140088B8ED /* MeasurementsViewController.swift */ = {isa = PBXFileReference; fileEncoding = 4; lastKnownFileType = sourcecode.swift; path = MeasurementsViewController.swift; sourceTree = "<group>"; };
		08723E1D22AEDA140088B8ED /* PreferencesViewController.swift */ = {isa = PBXFileReference; fileEncoding = 4; lastKnownFileType = sourcecode.swift; path = PreferencesViewController.swift; sourceTree = "<group>"; };
		08723E1E22AEDA140088B8ED /* Views.storyboard */ = {isa = PBXFileReference; fileEncoding = 4; lastKnownFileType = file.storyboard; path = Views.storyboard; sourceTree = "<group>"; };
		08723E2A22AEDA140088B8ED /* GatesGuard.swift */ = {isa = PBXFileReference; fileEncoding = 4; lastKnownFileType = sourcecode.swift; path = GatesGuard.swift; sourceTree = "<group>"; };
		08738C73256984FE00DECF1C /* dAir.proto */ = {isa = PBXFileReference; fileEncoding = 4; lastKnownFileType = sourcecode.protobuf; path = dAir.proto; sourceTree = "<group>"; };
		08738C74256984FE00DECF1C /* dAir.pb.swift */ = {isa = PBXFileReference; fileEncoding = 4; lastKnownFileType = sourcecode.swift; path = dAir.pb.swift; sourceTree = "<group>"; };
		08738C832569BCF300DECF1C /* ContextValuesExtension.swift */ = {isa = PBXFileReference; lastKnownFileType = sourcecode.swift; path = ContextValuesExtension.swift; sourceTree = "<group>"; };
		08AD51A122C00EC2001F42DE /* MeasurementTableCell.swift */ = {isa = PBXFileReference; lastKnownFileType = sourcecode.swift; path = MeasurementTableCell.swift; sourceTree = "<group>"; };
		08DB946722B66A330071A7B6 /* DefaultBleCoreGate.swift */ = {isa = PBXFileReference; lastKnownFileType = sourcecode.swift; path = DefaultBleCoreGate.swift; sourceTree = "<group>"; };
		08DB946B22B6765E0071A7B6 /* CoreBluetooth.framework */ = {isa = PBXFileReference; lastKnownFileType = wrapper.framework; name = CoreBluetooth.framework; path = System/Library/Frameworks/CoreBluetooth.framework; sourceTree = SDKROOT; };
		09C9CEEF01124754690558B0 /* Pods-DetectaConnect.debug.xcconfig */ = {isa = PBXFileReference; includeInIndex = 1; lastKnownFileType = text.xcconfig; name = "Pods-DetectaConnect.debug.xcconfig"; path = "Target Support Files/Pods-DetectaConnect/Pods-DetectaConnect.debug.xcconfig"; sourceTree = "<group>"; };
		0B38130826F638F35B8AA934 /* Pods-clientTests.release.xcconfig */ = {isa = PBXFileReference; includeInIndex = 1; lastKnownFileType = text.xcconfig; name = "Pods-clientTests.release.xcconfig"; path = "Target Support Files/Pods-clientTests/Pods-clientTests.release.xcconfig"; sourceTree = "<group>"; };
		12FD51F008119362D75866AE /* Pods_DetectaConnect.framework */ = {isa = PBXFileReference; explicitFileType = wrapper.framework; includeInIndex = 0; path = Pods_DetectaConnect.framework; sourceTree = BUILT_PRODUCTS_DIR; };
		20645B11645A9A8241587A28 /* Pods-ClientPods-client.release.xcconfig */ = {isa = PBXFileReference; includeInIndex = 1; lastKnownFileType = text.xcconfig; name = "Pods-ClientPods-client.release.xcconfig"; path = "Target Support Files/Pods-ClientPods-client/Pods-ClientPods-client.release.xcconfig"; sourceTree = "<group>"; };
		32FD5D8D8786230F53562D4E /* Pods-clientTests.debug.xcconfig */ = {isa = PBXFileReference; includeInIndex = 1; lastKnownFileType = text.xcconfig; name = "Pods-clientTests.debug.xcconfig"; path = "Target Support Files/Pods-clientTests/Pods-clientTests.debug.xcconfig"; sourceTree = "<group>"; };
		42CBF9867556C5E197DB0424 /* Pods-DetectaConnectTests.debug.xcconfig */ = {isa = PBXFileReference; includeInIndex = 1; lastKnownFileType = text.xcconfig; name = "Pods-DetectaConnectTests.debug.xcconfig"; path = "Target Support Files/Pods-DetectaConnectTests/Pods-DetectaConnectTests.debug.xcconfig"; sourceTree = "<group>"; };
		5729CB20361A1652AD78854D /* Pods-ClientPods-clientTests.debug.xcconfig */ = {isa = PBXFileReference; includeInIndex = 1; lastKnownFileType = text.xcconfig; name = "Pods-ClientPods-clientTests.debug.xcconfig"; path = "Target Support Files/Pods-ClientPods-clientTests/Pods-ClientPods-clientTests.debug.xcconfig"; sourceTree = "<group>"; };
		579DE38ABD4654069EE9270D /* Pods-ClientPods-clientTests.release.xcconfig */ = {isa = PBXFileReference; includeInIndex = 1; lastKnownFileType = text.xcconfig; name = "Pods-ClientPods-clientTests.release.xcconfig"; path = "Target Support Files/Pods-ClientPods-clientTests/Pods-ClientPods-clientTests.release.xcconfig"; sourceTree = "<group>"; };
		57A033627564AA0AA6E84F95 /* Pods-DetectaConnectTests.release.xcconfig */ = {isa = PBXFileReference; includeInIndex = 1; lastKnownFileType = text.xcconfig; name = "Pods-DetectaConnectTests.release.xcconfig"; path = "Target Support Files/Pods-DetectaConnectTests/Pods-DetectaConnectTests.release.xcconfig"; sourceTree = "<group>"; };
		7B8F9C8EEE7C55A5CB07C562 /* Pods-ClientPods-client.debug.xcconfig */ = {isa = PBXFileReference; includeInIndex = 1; lastKnownFileType = text.xcconfig; name = "Pods-ClientPods-client.debug.xcconfig"; path = "Target Support Files/Pods-ClientPods-client/Pods-ClientPods-client.debug.xcconfig"; sourceTree = "<group>"; };
		8973F10E9C163CCF0CE030E6 /* Pods-DetectaConnect.release.xcconfig */ = {isa = PBXFileReference; includeInIndex = 1; lastKnownFileType = text.xcconfig; name = "Pods-DetectaConnect.release.xcconfig"; path = "Target Support Files/Pods-DetectaConnect/Pods-DetectaConnect.release.xcconfig"; sourceTree = "<group>"; };
		9A56E22EB3DBC839E6BEBADB /* Pods-client.release.xcconfig */ = {isa = PBXFileReference; includeInIndex = 1; lastKnownFileType = text.xcconfig; name = "Pods-client.release.xcconfig"; path = "Target Support Files/Pods-client/Pods-client.release.xcconfig"; sourceTree = "<group>"; };
		ECE84BB7F6F4161121FDFE74 /* Pods_DetectaConnectTests.framework */ = {isa = PBXFileReference; explicitFileType = wrapper.framework; includeInIndex = 0; path = Pods_DetectaConnectTests.framework; sourceTree = BUILT_PRODUCTS_DIR; };
		F86C399E25ABF5E9D7300C5E /* Pods-client.debug.xcconfig */ = {isa = PBXFileReference; includeInIndex = 1; lastKnownFileType = text.xcconfig; name = "Pods-client.debug.xcconfig"; path = "Target Support Files/Pods-client/Pods-client.debug.xcconfig"; sourceTree = "<group>"; };
		FE343C9F25F1FADB0037087B /* WifiGuideViewController.swift */ = {isa = PBXFileReference; lastKnownFileType = sourcecode.swift; path = WifiGuideViewController.swift; sourceTree = "<group>"; };
		FE343CB325F206A00037087B /* Constants.swift */ = {isa = PBXFileReference; lastKnownFileType = sourcecode.swift; path = Constants.swift; sourceTree = "<group>"; };
		FE3CA7E325ED6050009572DB /* Data+Hex.swift */ = {isa = PBXFileReference; lastKnownFileType = sourcecode.swift; path = "Data+Hex.swift"; sourceTree = "<group>"; };
		FE3CA7E925ED64C8009572DB /* BleTransmitter.swift */ = {isa = PBXFileReference; lastKnownFileType = sourcecode.swift; path = BleTransmitter.swift; sourceTree = "<group>"; };
		FE3CA7F025ED6C8E009572DB /* BleGateError.swift */ = {isa = PBXFileReference; lastKnownFileType = sourcecode.swift; path = BleGateError.swift; sourceTree = "<group>"; };
		FE6B636425F639D0006C181E /* AppLogger.swift */ = {isa = PBXFileReference; lastKnownFileType = sourcecode.swift; path = AppLogger.swift; sourceTree = "<group>"; };
		FE6B636825F64797006C181E /* GuideInteractor.swift */ = {isa = PBXFileReference; lastKnownFileType = sourcecode.swift; path = GuideInteractor.swift; sourceTree = "<group>"; };
		FE6B636D25F648C3006C181E /* AppServices.swift */ = {isa = PBXFileReference; lastKnownFileType = sourcecode.swift; path = AppServices.swift; sourceTree = "<group>"; };
		FE6B638525F6525F006C181E /* BlueSwift+Extensions.swift */ = {isa = PBXFileReference; lastKnownFileType = sourcecode.swift; path = "BlueSwift+Extensions.swift"; sourceTree = "<group>"; };
		FE6B639025F6600A006C181E /* Future.swift */ = {isa = PBXFileReference; lastKnownFileType = sourcecode.swift; path = Future.swift; sourceTree = "<group>"; };
		FE6B639425F66088006C181E /* Promise.swift */ = {isa = PBXFileReference; lastKnownFileType = sourcecode.swift; path = Promise.swift; sourceTree = "<group>"; };
		FE6B639925F662D8006C181E /* GuideInteractorError.swift */ = {isa = PBXFileReference; lastKnownFileType = sourcecode.swift; path = GuideInteractorError.swift; sourceTree = "<group>"; };
		FE6B63B025F666E9006C181E /* AlertRouter.swift */ = {isa = PBXFileReference; lastKnownFileType = sourcecode.swift; path = AlertRouter.swift; sourceTree = "<group>"; };
		FE6B63B625F66719006C181E /* AppRouter.swift */ = {isa = PBXFileReference; lastKnownFileType = sourcecode.swift; path = AppRouter.swift; sourceTree = "<group>"; };
		FE6B63BE25F692E2006C181E /* WifiGuideViewModel.swift */ = {isa = PBXFileReference; lastKnownFileType = sourcecode.swift; path = WifiGuideViewModel.swift; sourceTree = "<group>"; };
		FE6B63C225F6999E006C181E /* AppDispatch.swift */ = {isa = PBXFileReference; lastKnownFileType = sourcecode.swift; path = AppDispatch.swift; sourceTree = "<group>"; };
		FE7B9CC025E44B770042F712 /* DetectaProto.swift */ = {isa = PBXFileReference; lastKnownFileType = sourcecode.swift; path = DetectaProto.swift; sourceTree = "<group>"; };
/* End PBXFileReference section */

/* Begin PBXFrameworksBuildPhase section */
		08723DB922AED8720088B8ED /* Frameworks */ = {
			isa = PBXFrameworksBuildPhase;
			buildActionMask = 2147483647;
			files = (
				08DB946C22B6765E0071A7B6 /* CoreBluetooth.framework in Frameworks */,
				D251718724BEC797D93D6BC7 /* Pods_DetectaConnect.framework in Frameworks */,
			);
			runOnlyForDeploymentPostprocessing = 0;
		};
		08723DCD22AED8730088B8ED /* Frameworks */ = {
			isa = PBXFrameworksBuildPhase;
			buildActionMask = 2147483647;
			files = (
				E8DF10C91A99381D28A94528 /* Pods_DetectaConnectTests.framework in Frameworks */,
			);
			runOnlyForDeploymentPostprocessing = 0;
		};
/* End PBXFrameworksBuildPhase section */

/* Begin PBXGroup section */
		0816783C256709510050D40C /* Utils */ = {
			isa = PBXGroup;
			children = (
				FE6B638F25F65FFC006C181E /* Futures */,
				08723E0F22AEDA140088B8ED /* NextResponderTextField.swift */,
				08723DE522AEDA140088B8ED /* Collection+SafeIndex.swift */,
				08167846256709830050D40C /* DataExtension.swift */,
				08738C832569BCF300DECF1C /* ContextValuesExtension.swift */,
				FE3CA7E325ED6050009572DB /* Data+Hex.swift */,
			);
			path = Utils;
			sourceTree = "<group>";
		};
		084F940D2569197F00056E5C /* Protobuf */ = {
			isa = PBXGroup;
			children = (
				08738C74256984FE00DECF1C /* dAir.pb.swift */,
				08738C73256984FE00DECF1C /* dAir.proto */,
				FE7B9CC025E44B770042F712 /* DetectaProto.swift */,
			);
			path = Protobuf;
			sourceTree = "<group>";
		};
		085839962561C20B00E3B882 /* Measurements */ = {
			isa = PBXGroup;
			children = (
				08723E1B22AEDA140088B8ED /* MeasurementsViewController.swift */,
				08AD51A122C00EC2001F42DE /* MeasurementTableCell.swift */,
			);
			path = Measurements;
			sourceTree = "<group>";
		};
		08723DB322AED8720088B8ED = {
			isa = PBXGroup;
			children = (
				08723DBE22AED8720088B8ED /* client */,
				08723DD322AED8730088B8ED /* clientTests */,
				08723DBD22AED8720088B8ED /* Products */,
				F6F5DE0ECD2C6ACA317730EF /* Pods */,
				D36AF4BF910970CC83412B09 /* Frameworks */,
			);
			sourceTree = "<group>";
		};
		08723DBD22AED8720088B8ED /* Products */ = {
			isa = PBXGroup;
			children = (
				08723DBC22AED8720088B8ED /* DetectaConnect.app */,
				08723DD022AED8730088B8ED /* DetectaConnectTests.xctest */,
			);
			name = Products;
			sourceTree = "<group>";
		};
		08723DBE22AED8720088B8ED /* client */ = {
			isa = PBXGroup;
			children = (
				FE343CB325F206A00037087B /* Constants.swift */,
				08723DE622AEDA140088B8ED /* AppLogic */,
				FE6B63AF25F666CC006C181E /* Router */,
				FE6B636C25F647AB006C181E /* Interactors */,
				08723E0B22AEDA140088B8ED /* Views */,
				FE6B639825F662A0006C181E /* Errors */,
				08723DF722AEDA140088B8ED /* Gates */,
				0816783C256709510050D40C /* Utils */,
				FE343CC725F20C010037087B /* Factories */,
				084F940D2569197F00056E5C /* Protobuf */,
				08723DC622AED8720088B8ED /* Assets.xcassets */,
				08723DC822AED8720088B8ED /* LaunchScreen.storyboard */,
				08723DCB22AED8720088B8ED /* Info.plist */,
			);
			path = client;
			sourceTree = "<group>";
		};
		08723DD322AED8730088B8ED /* clientTests */ = {
			isa = PBXGroup;
			children = (
				08723DD422AED8730088B8ED /* clientTests.swift */,
				08723DD622AED8730088B8ED /* Info.plist */,
			);
			path = clientTests;
			sourceTree = "<group>";
		};
		08723DE622AEDA140088B8ED /* AppLogic */ = {
			isa = PBXGroup;
			children = (
				08723DBF22AED8720088B8ED /* AppDelegate.swift */,
				08723DEB22AEDA140088B8ED /* ActionTracker.swift */,
				FE6B636425F639D0006C181E /* AppLogger.swift */,
				FE6B636D25F648C3006C181E /* AppServices.swift */,
				FE6B63C225F6999E006C181E /* AppDispatch.swift */,
			);
			path = AppLogic;
			sourceTree = "<group>";
		};
		08723DF722AEDA140088B8ED /* Gates */ = {
			isa = PBXGroup;
			children = (
				FE3CA7EF25ED6C75009572DB /* Ble */,
				08723E2A22AEDA140088B8ED /* GatesGuard.swift */,
			);
			path = Gates;
			sourceTree = "<group>";
		};
		08723E0B22AEDA140088B8ED /* Views */ = {
			isa = PBXGroup;
			children = (
				FE343CA625F1FB890037087B /* Preferences */,
				FE343CA325F1FAE60037087B /* Guides */,
				085839962561C20B00E3B882 /* Measurements */,
				08723E1E22AEDA140088B8ED /* Views.storyboard */,
			);
			path = Views;
			sourceTree = "<group>";
		};
		D36AF4BF910970CC83412B09 /* Frameworks */ = {
			isa = PBXGroup;
			children = (
				08DB946B22B6765E0071A7B6 /* CoreBluetooth.framework */,
				12FD51F008119362D75866AE /* Pods_DetectaConnect.framework */,
				ECE84BB7F6F4161121FDFE74 /* Pods_DetectaConnectTests.framework */,
			);
			name = Frameworks;
			sourceTree = "<group>";
		};
		F6F5DE0ECD2C6ACA317730EF /* Pods */ = {
			isa = PBXGroup;
			children = (
				7B8F9C8EEE7C55A5CB07C562 /* Pods-ClientPods-client.debug.xcconfig */,
				20645B11645A9A8241587A28 /* Pods-ClientPods-client.release.xcconfig */,
				5729CB20361A1652AD78854D /* Pods-ClientPods-clientTests.debug.xcconfig */,
				579DE38ABD4654069EE9270D /* Pods-ClientPods-clientTests.release.xcconfig */,
				32FD5D8D8786230F53562D4E /* Pods-clientTests.debug.xcconfig */,
				0B38130826F638F35B8AA934 /* Pods-clientTests.release.xcconfig */,
				F86C399E25ABF5E9D7300C5E /* Pods-client.debug.xcconfig */,
				9A56E22EB3DBC839E6BEBADB /* Pods-client.release.xcconfig */,
				09C9CEEF01124754690558B0 /* Pods-DetectaConnect.debug.xcconfig */,
				8973F10E9C163CCF0CE030E6 /* Pods-DetectaConnect.release.xcconfig */,
				42CBF9867556C5E197DB0424 /* Pods-DetectaConnectTests.debug.xcconfig */,
				57A033627564AA0AA6E84F95 /* Pods-DetectaConnectTests.release.xcconfig */,
			);
			path = Pods;
			sourceTree = "<group>";
		};
		FE343CA325F1FAE60037087B /* Guides */ = {
			isa = PBXGroup;
			children = (
				FE343C9F25F1FADB0037087B /* WifiGuideViewController.swift */,
				FE6B63BE25F692E2006C181E /* WifiGuideViewModel.swift */,
			);
			path = Guides;
			sourceTree = "<group>";
		};
		FE343CA625F1FB890037087B /* Preferences */ = {
			isa = PBXGroup;
			children = (
				08723E1922AEDA140088B8ED /* SupportViewController.swift */,
				08723E1D22AEDA140088B8ED /* PreferencesViewController.swift */,
			);
			path = Preferences;
			sourceTree = "<group>";
		};
		FE343CC725F20C010037087B /* Factories */ = {
			isa = PBXGroup;
			children = (
				08723E1522AEDA140088B8ED /* ViewControllerFactory.swift */,
			);
			path = Factories;
			sourceTree = "<group>";
		};
		FE3CA7EF25ED6C75009572DB /* Ble */ = {
			isa = PBXGroup;
			children = (
				FE3CA7F025ED6C8E009572DB /* BleGateError.swift */,
				08DB946722B66A330071A7B6 /* DefaultBleCoreGate.swift */,
				FE3CA7E925ED64C8009572DB /* BleTransmitter.swift */,
				FE6B638525F6525F006C181E /* BlueSwift+Extensions.swift */,
			);
			path = Ble;
			sourceTree = "<group>";
		};
		FE6B636C25F647AB006C181E /* Interactors */ = {
			isa = PBXGroup;
			children = (
				FE6B636825F64797006C181E /* GuideInteractor.swift */,
			);
			path = Interactors;
			sourceTree = "<group>";
		};
		FE6B638F25F65FFC006C181E /* Futures */ = {
			isa = PBXGroup;
			children = (
				FE6B639025F6600A006C181E /* Future.swift */,
				FE6B639425F66088006C181E /* Promise.swift */,
			);
			path = Futures;
			sourceTree = "<group>";
		};
		FE6B639825F662A0006C181E /* Errors */ = {
			isa = PBXGroup;
			children = (
				FE6B639925F662D8006C181E /* GuideInteractorError.swift */,
			);
			path = Errors;
			sourceTree = "<group>";
		};
		FE6B63AF25F666CC006C181E /* Router */ = {
			isa = PBXGroup;
			children = (
				FE6B63B025F666E9006C181E /* AlertRouter.swift */,
				FE6B63B625F66719006C181E /* AppRouter.swift */,
			);
			path = Router;
			sourceTree = "<group>";
		};
/* End PBXGroup section */

/* Begin PBXNativeTarget section */
		08723DBB22AED8720088B8ED /* DetectaConnect */ = {
			isa = PBXNativeTarget;
			buildConfigurationList = 08723DD922AED8730088B8ED /* Build configuration list for PBXNativeTarget "DetectaConnect" */;
			buildPhases = (
				2153FBA0733338EDD9549FAB /* [CP] Check Pods Manifest.lock */,
				08723DB822AED8720088B8ED /* Sources */,
				08723DB922AED8720088B8ED /* Frameworks */,
				08723DBA22AED8720088B8ED /* Resources */,
				2AB35FD1978B52312D7D22C0 /* [CP] Embed Pods Frameworks */,
			);
			buildRules = (
			);
			dependencies = (
			);
			name = DetectaConnect;
			productName = client;
			productReference = 08723DBC22AED8720088B8ED /* DetectaConnect.app */;
			productType = "com.apple.product-type.application";
		};
		08723DCF22AED8730088B8ED /* DetectaConnectTests */ = {
			isa = PBXNativeTarget;
			buildConfigurationList = 08723DDC22AED8730088B8ED /* Build configuration list for PBXNativeTarget "DetectaConnectTests" */;
			buildPhases = (
				95812B86D91B3EE330FF31F1 /* [CP] Check Pods Manifest.lock */,
				08723DCC22AED8730088B8ED /* Sources */,
				08723DCD22AED8730088B8ED /* Frameworks */,
				08723DCE22AED8730088B8ED /* Resources */,
				35DC5E4822BD9D98655484C1 /* [CP] Embed Pods Frameworks */,
			);
			buildRules = (
			);
			dependencies = (
				08723DD222AED8730088B8ED /* PBXTargetDependency */,
			);
			name = DetectaConnectTests;
			productName = clientTests;
			productReference = 08723DD022AED8730088B8ED /* DetectaConnectTests.xctest */;
			productType = "com.apple.product-type.bundle.unit-test";
		};
/* End PBXNativeTarget section */

/* Begin PBXProject section */
		08723DB422AED8720088B8ED /* Project object */ = {
			isa = PBXProject;
			attributes = {
				LastSwiftUpdateCheck = 1020;
				LastUpgradeCheck = 1020;
				ORGANIZATIONNAME = "Detecta Group";
				TargetAttributes = {
					08723DBB22AED8720088B8ED = {
						CreatedOnToolsVersion = 10.2.1;
					};
					08723DCF22AED8730088B8ED = {
						CreatedOnToolsVersion = 10.2.1;
						TestTargetID = 08723DBB22AED8720088B8ED;
					};
				};
			};
			buildConfigurationList = 08723DB722AED8720088B8ED /* Build configuration list for PBXProject "Client" */;
			compatibilityVersion = "Xcode 9.3";
			developmentRegion = en;
			hasScannedForEncodings = 0;
			knownRegions = (
				en,
				Base,
			);
			mainGroup = 08723DB322AED8720088B8ED;
			productRefGroup = 08723DBD22AED8720088B8ED /* Products */;
			projectDirPath = "";
			projectRoot = "";
			targets = (
				08723DBB22AED8720088B8ED /* DetectaConnect */,
				08723DCF22AED8730088B8ED /* DetectaConnectTests */,
			);
		};
/* End PBXProject section */

/* Begin PBXResourcesBuildPhase section */
		08723DBA22AED8720088B8ED /* Resources */ = {
			isa = PBXResourcesBuildPhase;
			buildActionMask = 2147483647;
			files = (
				08723DCA22AED8720088B8ED /* LaunchScreen.storyboard in Resources */,
				08723DC722AED8720088B8ED /* Assets.xcassets in Resources */,
				08723E5522AEDA140088B8ED /* Views.storyboard in Resources */,
			);
			runOnlyForDeploymentPostprocessing = 0;
		};
		08723DCE22AED8730088B8ED /* Resources */ = {
			isa = PBXResourcesBuildPhase;
			buildActionMask = 2147483647;
			files = (
			);
			runOnlyForDeploymentPostprocessing = 0;
		};
/* End PBXResourcesBuildPhase section */

/* Begin PBXShellScriptBuildPhase section */
		2153FBA0733338EDD9549FAB /* [CP] Check Pods Manifest.lock */ = {
			isa = PBXShellScriptBuildPhase;
			buildActionMask = 2147483647;
			files = (
			);
			inputFileListPaths = (
			);
			inputPaths = (
				"${PODS_PODFILE_DIR_PATH}/Podfile.lock",
				"${PODS_ROOT}/Manifest.lock",
			);
			name = "[CP] Check Pods Manifest.lock";
			outputFileListPaths = (
			);
			outputPaths = (
				"$(DERIVED_FILE_DIR)/Pods-DetectaConnect-checkManifestLockResult.txt",
			);
			runOnlyForDeploymentPostprocessing = 0;
			shellPath = /bin/sh;
			shellScript = "diff \"${PODS_PODFILE_DIR_PATH}/Podfile.lock\" \"${PODS_ROOT}/Manifest.lock\" > /dev/null\nif [ $? != 0 ] ; then\n    # print error to STDERR\n    echo \"error: The sandbox is not in sync with the Podfile.lock. Run 'pod install' or update your CocoaPods installation.\" >&2\n    exit 1\nfi\n# This output is used by Xcode 'outputs' to avoid re-running this script phase.\necho \"SUCCESS\" > \"${SCRIPT_OUTPUT_FILE_0}\"\n";
			showEnvVarsInLog = 0;
		};
		2AB35FD1978B52312D7D22C0 /* [CP] Embed Pods Frameworks */ = {
			isa = PBXShellScriptBuildPhase;
			buildActionMask = 2147483647;
			files = (
			);
			inputFileListPaths = (
				"${PODS_ROOT}/Target Support Files/Pods-DetectaConnect/Pods-DetectaConnect-frameworks-${CONFIGURATION}-input-files.xcfilelist",
			);
			name = "[CP] Embed Pods Frameworks";
			outputFileListPaths = (
				"${PODS_ROOT}/Target Support Files/Pods-DetectaConnect/Pods-DetectaConnect-frameworks-${CONFIGURATION}-output-files.xcfilelist",
			);
			runOnlyForDeploymentPostprocessing = 0;
			shellPath = /bin/sh;
			shellScript = "\"${PODS_ROOT}/Target Support Files/Pods-DetectaConnect/Pods-DetectaConnect-frameworks.sh\"\n";
			showEnvVarsInLog = 0;
		};
		35DC5E4822BD9D98655484C1 /* [CP] Embed Pods Frameworks */ = {
			isa = PBXShellScriptBuildPhase;
			buildActionMask = 2147483647;
			files = (
			);
			inputFileListPaths = (
				"${PODS_ROOT}/Target Support Files/Pods-DetectaConnectTests/Pods-DetectaConnectTests-frameworks-${CONFIGURATION}-input-files.xcfilelist",
			);
			name = "[CP] Embed Pods Frameworks";
			outputFileListPaths = (
				"${PODS_ROOT}/Target Support Files/Pods-DetectaConnectTests/Pods-DetectaConnectTests-frameworks-${CONFIGURATION}-output-files.xcfilelist",
			);
			runOnlyForDeploymentPostprocessing = 0;
			shellPath = /bin/sh;
			shellScript = "\"${PODS_ROOT}/Target Support Files/Pods-DetectaConnectTests/Pods-DetectaConnectTests-frameworks.sh\"\n";
			showEnvVarsInLog = 0;
		};
		95812B86D91B3EE330FF31F1 /* [CP] Check Pods Manifest.lock */ = {
			isa = PBXShellScriptBuildPhase;
			buildActionMask = 2147483647;
			files = (
			);
			inputFileListPaths = (
			);
			inputPaths = (
				"${PODS_PODFILE_DIR_PATH}/Podfile.lock",
				"${PODS_ROOT}/Manifest.lock",
			);
			name = "[CP] Check Pods Manifest.lock";
			outputFileListPaths = (
			);
			outputPaths = (
				"$(DERIVED_FILE_DIR)/Pods-DetectaConnectTests-checkManifestLockResult.txt",
			);
			runOnlyForDeploymentPostprocessing = 0;
			shellPath = /bin/sh;
			shellScript = "diff \"${PODS_PODFILE_DIR_PATH}/Podfile.lock\" \"${PODS_ROOT}/Manifest.lock\" > /dev/null\nif [ $? != 0 ] ; then\n    # print error to STDERR\n    echo \"error: The sandbox is not in sync with the Podfile.lock. Run 'pod install' or update your CocoaPods installation.\" >&2\n    exit 1\nfi\n# This output is used by Xcode 'outputs' to avoid re-running this script phase.\necho \"SUCCESS\" > \"${SCRIPT_OUTPUT_FILE_0}\"\n";
			showEnvVarsInLog = 0;
		};
/* End PBXShellScriptBuildPhase section */

/* Begin PBXSourcesBuildPhase section */
		08723DB822AED8720088B8ED /* Sources */ = {
			isa = PBXSourcesBuildPhase;
			buildActionMask = 2147483647;
			files = (
				08723E5422AEDA140088B8ED /* PreferencesViewController.swift in Sources */,
				FE7B9CC125E44B770042F712 /* DetectaProto.swift in Sources */,
				08723E5022AEDA140088B8ED /* SupportViewController.swift in Sources */,
				08723E4E22AEDA140088B8ED /* ViewControllerFactory.swift in Sources */,
				FE6B63BF25F692E3006C181E /* WifiGuideViewModel.swift in Sources */,
				FE3CA7EA25ED64C8009572DB /* BleTransmitter.swift in Sources */,
				08723E3022AEDA140088B8ED /* Collection+SafeIndex.swift in Sources */,
				FE343CB425F206A00037087B /* Constants.swift in Sources */,
				FE6B63B125F666E9006C181E /* AlertRouter.swift in Sources */,
				FE6B63B725F66719006C181E /* AppRouter.swift in Sources */,
				08723E3322AEDA140088B8ED /* ActionTracker.swift in Sources */,
				08738C842569BCF300DECF1C /* ContextValuesExtension.swift in Sources */,
				08DB946822B66A330071A7B6 /* DefaultBleCoreGate.swift in Sources */,
				FE6B638625F6525F006C181E /* BlueSwift+Extensions.swift in Sources */,
				08AD51A222C00EC2001F42DE /* MeasurementTableCell.swift in Sources */,
				FE6B639A25F662D8006C181E /* GuideInteractorError.swift in Sources */,
				FE6B636525F639D0006C181E /* AppLogger.swift in Sources */,
				08723E5F22AEDA140088B8ED /* GatesGuard.swift in Sources */,
				FE6B639125F6600B006C181E /* Future.swift in Sources */,
				FE343CA025F1FADB0037087B /* WifiGuideViewController.swift in Sources */,
				08723E5222AEDA140088B8ED /* MeasurementsViewController.swift in Sources */,
				08723E4A22AEDA140088B8ED /* NextResponderTextField.swift in Sources */,
				FE3CA7F125ED6C8E009572DB /* BleGateError.swift in Sources */,
				08738C76256984FE00DECF1C /* dAir.pb.swift in Sources */,
				FE3CA7E425ED6050009572DB /* Data+Hex.swift in Sources */,
				FE6B636925F64797006C181E /* GuideInteractor.swift in Sources */,
				08167847256709830050D40C /* DataExtension.swift in Sources */,
				FE6B639525F66088006C181E /* Promise.swift in Sources */,
				08738C75256984FE00DECF1C /* dAir.proto in Sources */,
				FE6B63C325F6999E006C181E /* AppDispatch.swift in Sources */,
				FE6B636E25F648C3006C181E /* AppServices.swift in Sources */,
				08723DC022AED8720088B8ED /* AppDelegate.swift in Sources */,
			);
			runOnlyForDeploymentPostprocessing = 0;
		};
		08723DCC22AED8730088B8ED /* Sources */ = {
			isa = PBXSourcesBuildPhase;
			buildActionMask = 2147483647;
			files = (
				08723DD522AED8730088B8ED /* clientTests.swift in Sources */,
			);
			runOnlyForDeploymentPostprocessing = 0;
		};
/* End PBXSourcesBuildPhase section */

/* Begin PBXTargetDependency section */
		08723DD222AED8730088B8ED /* PBXTargetDependency */ = {
			isa = PBXTargetDependency;
			target = 08723DBB22AED8720088B8ED /* DetectaConnect */;
			targetProxy = 08723DD122AED8730088B8ED /* PBXContainerItemProxy */;
		};
/* End PBXTargetDependency section */

/* Begin PBXVariantGroup section */
		08723DC822AED8720088B8ED /* LaunchScreen.storyboard */ = {
			isa = PBXVariantGroup;
			children = (
				08723DC922AED8720088B8ED /* Base */,
			);
			name = LaunchScreen.storyboard;
			sourceTree = "<group>";
		};
/* End PBXVariantGroup section */

/* Begin XCBuildConfiguration section */
		08723DD722AED8730088B8ED /* Debug */ = {
			isa = XCBuildConfiguration;
			buildSettings = {
				ALWAYS_SEARCH_USER_PATHS = NO;
				CLANG_ANALYZER_NONNULL = YES;
				CLANG_ANALYZER_NUMBER_OBJECT_CONVERSION = YES_AGGRESSIVE;
				CLANG_CXX_LANGUAGE_STANDARD = "gnu++14";
				CLANG_CXX_LIBRARY = "libc++";
				CLANG_ENABLE_MODULES = YES;
				CLANG_ENABLE_OBJC_ARC = YES;
				CLANG_ENABLE_OBJC_WEAK = YES;
				CLANG_WARN_BLOCK_CAPTURE_AUTORELEASING = YES;
				CLANG_WARN_BOOL_CONVERSION = YES;
				CLANG_WARN_COMMA = YES;
				CLANG_WARN_CONSTANT_CONVERSION = YES;
				CLANG_WARN_DEPRECATED_OBJC_IMPLEMENTATIONS = YES;
				CLANG_WARN_DIRECT_OBJC_ISA_USAGE = YES_ERROR;
				CLANG_WARN_DOCUMENTATION_COMMENTS = YES;
				CLANG_WARN_EMPTY_BODY = YES;
				CLANG_WARN_ENUM_CONVERSION = YES;
				CLANG_WARN_INFINITE_RECURSION = YES;
				CLANG_WARN_INT_CONVERSION = YES;
				CLANG_WARN_NON_LITERAL_NULL_CONVERSION = YES;
				CLANG_WARN_OBJC_IMPLICIT_RETAIN_SELF = YES;
				CLANG_WARN_OBJC_LITERAL_CONVERSION = YES;
				CLANG_WARN_OBJC_ROOT_CLASS = YES_ERROR;
				CLANG_WARN_RANGE_LOOP_ANALYSIS = YES;
				CLANG_WARN_STRICT_PROTOTYPES = YES;
				CLANG_WARN_SUSPICIOUS_MOVE = YES;
				CLANG_WARN_UNGUARDED_AVAILABILITY = YES_AGGRESSIVE;
				CLANG_WARN_UNREACHABLE_CODE = YES;
				CLANG_WARN__DUPLICATE_METHOD_MATCH = YES;
				CODE_SIGN_IDENTITY = "iPhone Developer";
				COPY_PHASE_STRIP = NO;
				DEBUG_INFORMATION_FORMAT = dwarf;
				ENABLE_STRICT_OBJC_MSGSEND = YES;
				ENABLE_TESTABILITY = YES;
				GCC_C_LANGUAGE_STANDARD = gnu11;
				GCC_DYNAMIC_NO_PIC = NO;
				GCC_NO_COMMON_BLOCKS = YES;
				GCC_OPTIMIZATION_LEVEL = 0;
				GCC_PREPROCESSOR_DEFINITIONS = (
					"DEBUG=1",
					"$(inherited)",
				);
				GCC_WARN_64_TO_32_BIT_CONVERSION = YES;
				GCC_WARN_ABOUT_RETURN_TYPE = YES_ERROR;
				GCC_WARN_UNDECLARED_SELECTOR = YES;
				GCC_WARN_UNINITIALIZED_AUTOS = YES_AGGRESSIVE;
				GCC_WARN_UNUSED_FUNCTION = YES;
				GCC_WARN_UNUSED_VARIABLE = YES;
				IPHONEOS_DEPLOYMENT_TARGET = 13.0;
				MTL_ENABLE_DEBUG_INFO = INCLUDE_SOURCE;
				MTL_FAST_MATH = YES;
				ONLY_ACTIVE_ARCH = YES;
				SDKROOT = iphoneos;
				SWIFT_ACTIVE_COMPILATION_CONDITIONS = DEBUG;
				SWIFT_OPTIMIZATION_LEVEL = "-Onone";
			};
			name = Debug;
		};
		08723DD822AED8730088B8ED /* Release */ = {
			isa = XCBuildConfiguration;
			buildSettings = {
				ALWAYS_SEARCH_USER_PATHS = NO;
				CLANG_ANALYZER_NONNULL = YES;
				CLANG_ANALYZER_NUMBER_OBJECT_CONVERSION = YES_AGGRESSIVE;
				CLANG_CXX_LANGUAGE_STANDARD = "gnu++14";
				CLANG_CXX_LIBRARY = "libc++";
				CLANG_ENABLE_MODULES = YES;
				CLANG_ENABLE_OBJC_ARC = YES;
				CLANG_ENABLE_OBJC_WEAK = YES;
				CLANG_WARN_BLOCK_CAPTURE_AUTORELEASING = YES;
				CLANG_WARN_BOOL_CONVERSION = YES;
				CLANG_WARN_COMMA = YES;
				CLANG_WARN_CONSTANT_CONVERSION = YES;
				CLANG_WARN_DEPRECATED_OBJC_IMPLEMENTATIONS = YES;
				CLANG_WARN_DIRECT_OBJC_ISA_USAGE = YES_ERROR;
				CLANG_WARN_DOCUMENTATION_COMMENTS = YES;
				CLANG_WARN_EMPTY_BODY = YES;
				CLANG_WARN_ENUM_CONVERSION = YES;
				CLANG_WARN_INFINITE_RECURSION = YES;
				CLANG_WARN_INT_CONVERSION = YES;
				CLANG_WARN_NON_LITERAL_NULL_CONVERSION = YES;
				CLANG_WARN_OBJC_IMPLICIT_RETAIN_SELF = YES;
				CLANG_WARN_OBJC_LITERAL_CONVERSION = YES;
				CLANG_WARN_OBJC_ROOT_CLASS = YES_ERROR;
				CLANG_WARN_RANGE_LOOP_ANALYSIS = YES;
				CLANG_WARN_STRICT_PROTOTYPES = YES;
				CLANG_WARN_SUSPICIOUS_MOVE = YES;
				CLANG_WARN_UNGUARDED_AVAILABILITY = YES_AGGRESSIVE;
				CLANG_WARN_UNREACHABLE_CODE = YES;
				CLANG_WARN__DUPLICATE_METHOD_MATCH = YES;
				CODE_SIGN_IDENTITY = "iPhone Developer";
				COPY_PHASE_STRIP = NO;
				DEBUG_INFORMATION_FORMAT = "dwarf-with-dsym";
				ENABLE_NS_ASSERTIONS = NO;
				ENABLE_STRICT_OBJC_MSGSEND = YES;
				GCC_C_LANGUAGE_STANDARD = gnu11;
				GCC_NO_COMMON_BLOCKS = YES;
				GCC_WARN_64_TO_32_BIT_CONVERSION = YES;
				GCC_WARN_ABOUT_RETURN_TYPE = YES_ERROR;
				GCC_WARN_UNDECLARED_SELECTOR = YES;
				GCC_WARN_UNINITIALIZED_AUTOS = YES_AGGRESSIVE;
				GCC_WARN_UNUSED_FUNCTION = YES;
				GCC_WARN_UNUSED_VARIABLE = YES;
				IPHONEOS_DEPLOYMENT_TARGET = 13.0;
				MTL_ENABLE_DEBUG_INFO = NO;
				MTL_FAST_MATH = YES;
				SDKROOT = iphoneos;
				SWIFT_COMPILATION_MODE = wholemodule;
				SWIFT_OPTIMIZATION_LEVEL = "-O";
				VALIDATE_PRODUCT = YES;
			};
			name = Release;
		};
		08723DDA22AED8730088B8ED /* Debug */ = {
			isa = XCBuildConfiguration;
			baseConfigurationReference = 09C9CEEF01124754690558B0 /* Pods-DetectaConnect.debug.xcconfig */;
			buildSettings = {
				ASSETCATALOG_COMPILER_APPICON_NAME = AppIcon;
				CODE_SIGN_STYLE = Manual;
				CURRENT_PROJECT_VERSION = 2;
				DEVELOPMENT_TEAM = J6252NJ42R;
				INFOPLIST_FILE = client/Info.plist;
				LD_RUNPATH_SEARCH_PATHS = (
					"$(inherited)",
					"@executable_path/Frameworks",
				);
				PRODUCT_BUNDLE_IDENTIFIER = group.detecta.apps.connect;
				PRODUCT_NAME = "$(TARGET_NAME)";
				PROVISIONING_PROFILE_SPECIFIER = DetectaConnect_Development_J6252NJ42R;
				SWIFT_OBJC_BRIDGING_HEADER = "";
				SWIFT_VERSION = 5.0;
				TARGETED_DEVICE_FAMILY = 1;
			};
			name = Debug;
		};
		08723DDB22AED8730088B8ED /* Release */ = {
			isa = XCBuildConfiguration;
			baseConfigurationReference = 8973F10E9C163CCF0CE030E6 /* Pods-DetectaConnect.release.xcconfig */;
			buildSettings = {
				ASSETCATALOG_COMPILER_APPICON_NAME = AppIcon;
				CODE_SIGN_STYLE = Manual;
				CURRENT_PROJECT_VERSION = 2;
				DEVELOPMENT_TEAM = J6252NJ42R;
				INFOPLIST_FILE = client/Info.plist;
				LD_RUNPATH_SEARCH_PATHS = (
					"$(inherited)",
					"@executable_path/Frameworks",
				);
				PRODUCT_BUNDLE_IDENTIFIER = group.detecta.apps.connect;
				PRODUCT_NAME = "$(TARGET_NAME)";
				PROVISIONING_PROFILE_SPECIFIER = DetectaConnect_Development_J6252NJ42R;
				SWIFT_OBJC_BRIDGING_HEADER = "";
				SWIFT_VERSION = 5.0;
				TARGETED_DEVICE_FAMILY = 1;
			};
			name = Release;
		};
		08723DDD22AED8730088B8ED /* Debug */ = {
			isa = XCBuildConfiguration;
			baseConfigurationReference = 42CBF9867556C5E197DB0424 /* Pods-DetectaConnectTests.debug.xcconfig */;
			buildSettings = {
				BUNDLE_LOADER = "$(TEST_HOST)";
				CODE_SIGN_STYLE = Automatic;
				INFOPLIST_FILE = clientTests/Info.plist;
				LD_RUNPATH_SEARCH_PATHS = (
					"$(inherited)",
					"@executable_path/Frameworks",
					"@loader_path/Frameworks",
				);
				PRODUCT_BUNDLE_IDENTIFIER = detecta.group.clientTests;
				PRODUCT_NAME = "$(TARGET_NAME)";
				SWIFT_VERSION = 5.0;
				TARGETED_DEVICE_FAMILY = "1,2";
				TEST_HOST = "$(BUILT_PRODUCTS_DIR)/client.app/client";
			};
			name = Debug;
		};
		08723DDE22AED8730088B8ED /* Release */ = {
			isa = XCBuildConfiguration;
			baseConfigurationReference = 57A033627564AA0AA6E84F95 /* Pods-DetectaConnectTests.release.xcconfig */;
			buildSettings = {
				BUNDLE_LOADER = "$(TEST_HOST)";
				CODE_SIGN_STYLE = Automatic;
				INFOPLIST_FILE = clientTests/Info.plist;
				LD_RUNPATH_SEARCH_PATHS = (
					"$(inherited)",
					"@executable_path/Frameworks",
					"@loader_path/Frameworks",
				);
				PRODUCT_BUNDLE_IDENTIFIER = detecta.group.clientTests;
				PRODUCT_NAME = "$(TARGET_NAME)";
				SWIFT_VERSION = 5.0;
				TARGETED_DEVICE_FAMILY = "1,2";
				TEST_HOST = "$(BUILT_PRODUCTS_DIR)/client.app/client";
			};
			name = Release;
		};
/* End XCBuildConfiguration section */

/* Begin XCConfigurationList section */
		08723DB722AED8720088B8ED /* Build configuration list for PBXProject "Client" */ = {
			isa = XCConfigurationList;
			buildConfigurations = (
				08723DD722AED8730088B8ED /* Debug */,
				08723DD822AED8730088B8ED /* Release */,
			);
			defaultConfigurationIsVisible = 0;
			defaultConfigurationName = Release;
		};
		08723DD922AED8730088B8ED /* Build configuration list for PBXNativeTarget "DetectaConnect" */ = {
			isa = XCConfigurationList;
			buildConfigurations = (
				08723DDA22AED8730088B8ED /* Debug */,
				08723DDB22AED8730088B8ED /* Release */,
			);
			defaultConfigurationIsVisible = 0;
			defaultConfigurationName = Release;
		};
		08723DDC22AED8730088B8ED /* Build configuration list for PBXNativeTarget "DetectaConnectTests" */ = {
			isa = XCConfigurationList;
			buildConfigurations = (
				08723DDD22AED8730088B8ED /* Debug */,
				08723DDE22AED8730088B8ED /* Release */,
			);
			defaultConfigurationIsVisible = 0;
			defaultConfigurationName = Release;
		};
/* End XCConfigurationList section */
	};
	rootObject = 08723DB422AED8720088B8ED /* Project object */;
}
